PODS:
  - CouchbaseLite-Swift (2.1.3)

DEPENDENCIES:
  - CouchbaseLite-Swift (~> 2.1.1)

SPEC REPOS:
  https://github.com/cocoapods/specs.git:
    - CouchbaseLite-Swift

SPEC CHECKSUMS:
  CouchbaseLite-Swift: 4e1c64ac055b7681dd1cd28bf09b3eb5f5d17847

PODFILE CHECKSUM: 5b73fc6de046ca60413ead15a2ec011d0f6e9654

COCOAPODS: 1.6.1
