// !$*UTF8*$!
{
	archiveVersion = 1;
	classes = {
	};
	objectVersion = 50;
	objects = {

/* Begin PBXBuildFile section */
		0B931CE7463280668924F212 /* Pods_baconTests.framework in Frameworks */ = {isa = PBXBuildFile; fileRef = 894FB0A0BC60BFB913FD0FD0 /* Pods_baconTests.framework */; };
		45639D7B2266513D00B07AA6 /* StorageCouchBaseDB+Prediction.swift in Sources */ = {isa = PBXBuildFile; fileRef = 45639D7A2266513D00B07AA6 /* StorageCouchBaseDB+Prediction.swift */; };
		45639D7D2266633100B07AA6 /* StorageManagerInterface.swift in Sources */ = {isa = PBXBuildFile; fileRef = 45639D7C2266633100B07AA6 /* StorageManagerInterface.swift */; };
		8F0B2073225A464D001AF3BA /* HashableClass.swift in Sources */ = {isa = PBXBuildFile; fileRef = 8F0B2072225A464D001AF3BA /* HashableClass.swift */; };
		8F3121D9224A39D100A9A554 /* TransactionTime.swift in Sources */ = {isa = PBXBuildFile; fileRef = 8F3121D8224A39D100A9A554 /* TransactionTime.swift */; };
		8F3121DB224A3B9800A9A554 /* TransactionTimeTests.swift in Sources */ = {isa = PBXBuildFile; fileRef = 8F3121DA224A3B9800A9A554 /* TransactionTimeTests.swift */; };
		8F6A7A402240B583002E695A /* AppDelegate.swift in Sources */ = {isa = PBXBuildFile; fileRef = 8F6A7A3F2240B583002E695A /* AppDelegate.swift */; };
		8F6A7A422240B583002E695A /* MainPageViewController.swift in Sources */ = {isa = PBXBuildFile; fileRef = 8F6A7A412240B583002E695A /* MainPageViewController.swift */; };
		8F6A7A452240B583002E695A /* Main.storyboard in Resources */ = {isa = PBXBuildFile; fileRef = 8F6A7A432240B583002E695A /* Main.storyboard */; };
		8F6A7A482240B583002E695A /* bacon.xcdatamodeld in Sources */ = {isa = PBXBuildFile; fileRef = 8F6A7A462240B583002E695A /* bacon.xcdatamodeld */; };
		8F6A7A4A2240B584002E695A /* Assets.xcassets in Resources */ = {isa = PBXBuildFile; fileRef = 8F6A7A492240B584002E695A /* Assets.xcassets */; };
		8F6A7A4D2240B584002E695A /* LaunchScreen.storyboard in Resources */ = {isa = PBXBuildFile; fileRef = 8F6A7A4B2240B584002E695A /* LaunchScreen.storyboard */; };
		8F6A7A582240B584002E695A /* baconTests.swift in Sources */ = {isa = PBXBuildFile; fileRef = 8F6A7A572240B584002E695A /* baconTests.swift */; };
		8F6A7A632240B584002E695A /* baconUITests.swift in Sources */ = {isa = PBXBuildFile; fileRef = 8F6A7A622240B584002E695A /* baconUITests.swift */; };
		8F845CE722446EE1007A992D /* TransactionTests.swift in Sources */ = {isa = PBXBuildFile; fileRef = 8F845CE622446EE1007A992D /* TransactionTests.swift */; };
		8F845CE922446F1E007A992D /* TransactionFrequencyTests.swift in Sources */ = {isa = PBXBuildFile; fileRef = 8F845CE822446F1E007A992D /* TransactionFrequencyTests.swift */; };
		8F8487D9224B7909001F881C /* Observer.swift in Sources */ = {isa = PBXBuildFile; fileRef = 8F8487D8224B7909001F881C /* Observer.swift */; };
		8F8487DB224B7D7D001F881C /* Observable.swift in Sources */ = {isa = PBXBuildFile; fileRef = 8F8487DA224B7D7D001F881C /* Observable.swift */; };
		8F8487DD224BC4C7001F881C /* ObserverTests.swift in Sources */ = {isa = PBXBuildFile; fileRef = 8F8487DC224BC4C7001F881C /* ObserverTests.swift */; };
		8F8487E1224DA874001F881C /* CodableCLLocation.swift in Sources */ = {isa = PBXBuildFile; fileRef = 8F8487E0224DA874001F881C /* CodableCLLocation.swift */; };
		8F8487E3224DA98A001F881C /* CodableCLLocationTests.swift in Sources */ = {isa = PBXBuildFile; fileRef = 8F8487E2224DA98A001F881C /* CodableCLLocationTests.swift */; };
		8F89424B225E00D4007146AC /* TagManager.swift in Sources */ = {isa = PBXBuildFile; fileRef = 8F89424A225E00D4007146AC /* TagManager.swift */; };
		8F89424D225E01D6007146AC /* TagManagerInterface.swift in Sources */ = {isa = PBXBuildFile; fileRef = 8F89424C225E01D6007146AC /* TagManagerInterface.swift */; };
		8F894252225E5017007146AC /* TagManagerTests.swift in Sources */ = {isa = PBXBuildFile; fileRef = 8F894251225E5017007146AC /* TagManagerTests.swift */; };
		8F913A7B225F398D00D20FA2 /* FileStorageManager.swift in Sources */ = {isa = PBXBuildFile; fileRef = 8F913A7A225F398D00D20FA2 /* FileStorageManager.swift */; };
		8F913A822260DC5900D20FA2 /* TagValueSourceInterface.swift in Sources */ = {isa = PBXBuildFile; fileRef = 8F913A812260DC5900D20FA2 /* TagValueSourceInterface.swift */; };
		8FD0EC8B22533E3E00FCCBFB /* CodableUIImage.swift in Sources */ = {isa = PBXBuildFile; fileRef = 8FD0EC8A22533E3E00FCCBFB /* CodableUIImage.swift */; };
		8FD0EC8D225342A500FCCBFB /* CodableUIImageTests.swift in Sources */ = {isa = PBXBuildFile; fileRef = 8FD0EC8C225342A500FCCBFB /* CodableUIImageTests.swift */; };
		8FD5F7CB2240E7620023A7FC /* Transaction.swift in Sources */ = {isa = PBXBuildFile; fileRef = 8FD5F7CA2240E7620023A7FC /* Transaction.swift */; };
		8FD5F7CD2240E8F20023A7FC /* TransactionFrequency.swift in Sources */ = {isa = PBXBuildFile; fileRef = 8FD5F7CC2240E8F20023A7FC /* TransactionFrequency.swift */; };
		8FD5F7D02240EA700023A7FC /* InitializationError.swift in Sources */ = {isa = PBXBuildFile; fileRef = 8FD5F7CF2240EA700023A7FC /* InitializationError.swift */; };
		8FD5F7D32240EE8C0023A7FC /* TransactionCategory.swift in Sources */ = {isa = PBXBuildFile; fileRef = 8FD5F7D22240EE8C0023A7FC /* TransactionCategory.swift */; };
		8FD5F7D52240F50B0023A7FC /* TransactionType.swift in Sources */ = {isa = PBXBuildFile; fileRef = 8FD5F7D42240F50B0023A7FC /* TransactionType.swift */; };
		9F2E21D72240F90800C5A31E /* README.md in Resources */ = {isa = PBXBuildFile; fileRef = 9F2E21D62240F90800C5A31E /* README.md */; };
		9F2E21D92240FE9000C5A31E /* StorageCouchBaseDB.swift in Sources */ = {isa = PBXBuildFile; fileRef = 9F2E21D82240FE9000C5A31E /* StorageCouchBaseDB.swift */; };
		9F67EF33225C96F9004F6D0B /* BudgetManager.swift in Sources */ = {isa = PBXBuildFile; fileRef = 9F67EF32225C96F9004F6D0B /* BudgetManager.swift */; };
		9F67EF35225C9A73004F6D0B /* CoreLogicInterface.swift in Sources */ = {isa = PBXBuildFile; fileRef = 9F67EF34225C9A73004F6D0B /* CoreLogicInterface.swift */; };
		9F7154022261D7F400FF047F /* StorageCouchBaseDB+TagAssociation.swift in Sources */ = {isa = PBXBuildFile; fileRef = 9F7154012261D7F400FF047F /* StorageCouchBaseDB+TagAssociation.swift */; };
		9F71AEF5225B3707005F043A /* StorageCouchBaseDB+Budget.swift in Sources */ = {isa = PBXBuildFile; fileRef = 9F71AEF4225B3707005F043A /* StorageCouchBaseDB+Budget.swift */; };
		9F71AEF7225B37C6005F043A /* StorageCouchBaseDB+Transaction.swift in Sources */ = {isa = PBXBuildFile; fileRef = 9F71AEF6225B37C6005F043A /* StorageCouchBaseDB+Transaction.swift */; };
		9F71AEF9225B3D84005F043A /* Budget.swift in Sources */ = {isa = PBXBuildFile; fileRef = 9F71AEF8225B3D84005F043A /* Budget.swift */; };
		9F71AEFB225B4117005F043A /* BudgetTests.swift in Sources */ = {isa = PBXBuildFile; fileRef = 9F71AEFA225B4116005F043A /* BudgetTests.swift */; };
		9F79E46E2246463F00BCDDE8 /* StorageManagerTests.swift in Sources */ = {isa = PBXBuildFile; fileRef = 9F79E46D2246463F00BCDDE8 /* StorageManagerTests.swift */; };
		9F7C6DE6224B66F5003E7702 /* TestUtils.swift in Sources */ = {isa = PBXBuildFile; fileRef = 9F7C6DE5224B66F5003E7702 /* TestUtils.swift */; };
		9F7C6DE9224B9C75003E7702 /* InvalidArgumentError.swift in Sources */ = {isa = PBXBuildFile; fileRef = 9F7C6DE8224B9C75003E7702 /* InvalidArgumentError.swift */; };
		9F7FD1142240CD51001E1A8E /* StorageManager.swift in Sources */ = {isa = PBXBuildFile; fileRef = 9F7FD1132240CD51001E1A8E /* StorageManager.swift */; };
		9F965F8422533E5500AF6092 /* CoreLogic.swift in Sources */ = {isa = PBXBuildFile; fileRef = 9F965F8322533E5500AF6092 /* CoreLogic.swift */; };
		9F965F8622535B9300AF6092 /* TransactionManager.swift in Sources */ = {isa = PBXBuildFile; fileRef = 9F965F8522535B9300AF6092 /* TransactionManager.swift */; };
		9F965F8B2253778E00AF6092 /* CoreLogicTests.swift in Sources */ = {isa = PBXBuildFile; fileRef = 9F965F8A2253778E00AF6092 /* CoreLogicTests.swift */; };
		9FB4E16E224419880005403F /* StorageError.swift in Sources */ = {isa = PBXBuildFile; fileRef = 9FB4E16D224419880005403F /* StorageError.swift */; };
		BE665F972253A455002EBA74 /* String+initFromCLPlacemark.swift in Sources */ = {isa = PBXBuildFile; fileRef = BE665F962253A455002EBA74 /* String+initFromCLPlacemark.swift */; };
		BEC574402254A301001793EC /* Decimal+toFormattedString.swift in Sources */ = {isa = PBXBuildFile; fileRef = BEC5743F2254A301001793EC /* Decimal+toFormattedString.swift */; };
		BEC574442254B714001793EC /* UIViewController+Alert.swift in Sources */ = {isa = PBXBuildFile; fileRef = BEC574432254B714001793EC /* UIViewController+Alert.swift */; };
		BEC57446225A3DC9001793EC /* PreviewImageView.swift in Sources */ = {isa = PBXBuildFile; fileRef = BEC57445225A3DC9001793EC /* PreviewImageView.swift */; };
		BEC5744A225C9F90001793EC /* DateTimeSelectionViewController.swift in Sources */ = {isa = PBXBuildFile; fileRef = BEC57449225C9F90001793EC /* DateTimeSelectionViewController.swift */; };
		BEC5744C225CA0AD001793EC /* CalendarCell.swift in Sources */ = {isa = PBXBuildFile; fileRef = BEC5744B225CA0AD001793EC /* CalendarCell.swift */; };
		BEC57452225F8DA5001793EC /* TagSelectionViewController.swift in Sources */ = {isa = PBXBuildFile; fileRef = BEC57451225F8DA5001793EC /* TagSelectionViewController.swift */; };
		BEC57454225F8F0D001793EC /* ParentTagCell.swift in Sources */ = {isa = PBXBuildFile; fileRef = BEC57453225F8F0D001793EC /* ParentTagCell.swift */; };
		BEC57456225F9442001793EC /* ChildTagCell.swift in Sources */ = {isa = PBXBuildFile; fileRef = BEC57455225F9442001793EC /* ChildTagCell.swift */; };
		BEC5745822605570001793EC /* CoreLogic+BreakDownByTag.swift in Sources */ = {isa = PBXBuildFile; fileRef = BEC5745722605570001793EC /* CoreLogic+BreakDownByTag.swift */; };
		BEE6B6622240C9F10077DFD7 /* TransactionsViewController.swift in Sources */ = {isa = PBXBuildFile; fileRef = BEE6B6612240C9F00077DFD7 /* TransactionsViewController.swift */; };
		BEE6B6642240D0770077DFD7 /* AnalysisViewController.swift in Sources */ = {isa = PBXBuildFile; fileRef = BEE6B6632240D0770077DFD7 /* AnalysisViewController.swift */; };
		BEE6B6662242CF140077DFD7 /* AddTransactionViewController.swift in Sources */ = {isa = PBXBuildFile; fileRef = BEE6B6652242CF140077DFD7 /* AddTransactionViewController.swift */; };
		BEE6B6692243F79C0077DFD7 /* Constants.swift in Sources */ = {isa = PBXBuildFile; fileRef = BEE6B6682243F79C0077DFD7 /* Constants.swift */; };
		BEF38D0B224BA1C500BC8927 /* FoldingCell.swift in Sources */ = {isa = PBXBuildFile; fileRef = BEF38D0A224BA1C500BC8927 /* FoldingCell.swift */; };
		BEF38D0D224BA2C400BC8927 /* TransactionCell.swift in Sources */ = {isa = PBXBuildFile; fileRef = BEF38D0C224BA2C400BC8927 /* TransactionCell.swift */; };
		BEF82C152261C157007BC819 /* SetBuddgetViewController.swift in Sources */ = {isa = PBXBuildFile; fileRef = BEF82C142261C157007BC819 /* SetBuddgetViewController.swift */; };
		BEF82C172261D5CE007BC819 /* SpendingStatus.swift in Sources */ = {isa = PBXBuildFile; fileRef = BEF82C162261D5CE007BC819 /* SpendingStatus.swift */; };
		BEF82C1922632F47007BC819 /* Prediction.swift in Sources */ = {isa = PBXBuildFile; fileRef = BEF82C1822632F46007BC819 /* Prediction.swift */; };
		BEF82C1B22633117007BC819 /* PredictionManager.swift in Sources */ = {isa = PBXBuildFile; fileRef = BEF82C1A22633117007BC819 /* PredictionManager.swift */; };
		BEF82C1D22633177007BC819 /* PredictionGenerator.swift in Sources */ = {isa = PBXBuildFile; fileRef = BEF82C1C22633177007BC819 /* PredictionGenerator.swift */; };
		BEF82C1F226331A8007BC819 /* BaconPredictionGenerator.swift in Sources */ = {isa = PBXBuildFile; fileRef = BEF82C1E226331A8007BC819 /* BaconPredictionGenerator.swift */; };
		BEF82C212264D77F007BC819 /* PredictionTests.swift in Sources */ = {isa = PBXBuildFile; fileRef = BEF82C202264D77F007BC819 /* PredictionTests.swift */; };
		BEF82C252264DBA7007BC819 /* PredictionGeneratorTests.swift in Sources */ = {isa = PBXBuildFile; fileRef = BEF82C242264DBA7007BC819 /* PredictionGeneratorTests.swift */; };
		C288EBE898DE7040D8233568 /* Pods_baconUITests.framework in Frameworks */ = {isa = PBXBuildFile; fileRef = 40A0E39274434CA88AAD4001 /* Pods_baconUITests.framework */; };
		D15E5FA942198228451024EA /* Pods_bacon.framework in Frameworks */ = {isa = PBXBuildFile; fileRef = 4701C832F23C08627A348028 /* Pods_bacon.framework */; };
/* End PBXBuildFile section */

/* Begin PBXContainerItemProxy section */
		8F6A7A542240B584002E695A /* PBXContainerItemProxy */ = {
			isa = PBXContainerItemProxy;
			containerPortal = 8F6A7A342240B583002E695A /* Project object */;
			proxyType = 1;
			remoteGlobalIDString = 8F6A7A3B2240B583002E695A;
			remoteInfo = bacon;
		};
		8F6A7A5F2240B584002E695A /* PBXContainerItemProxy */ = {
			isa = PBXContainerItemProxy;
			containerPortal = 8F6A7A342240B583002E695A /* Project object */;
			proxyType = 1;
			remoteGlobalIDString = 8F6A7A3B2240B583002E695A;
			remoteInfo = bacon;
		};
/* End PBXContainerItemProxy section */

/* Begin PBXFileReference section */
		40A0E39274434CA88AAD4001 /* Pods_baconUITests.framework */ = {isa = PBXFileReference; explicitFileType = wrapper.framework; includeInIndex = 0; path = Pods_baconUITests.framework; sourceTree = BUILT_PRODUCTS_DIR; };
		45639D7A2266513D00B07AA6 /* StorageCouchBaseDB+Prediction.swift */ = {isa = PBXFileReference; lastKnownFileType = sourcecode.swift; path = "StorageCouchBaseDB+Prediction.swift"; sourceTree = "<group>"; };
		45639D7C2266633100B07AA6 /* StorageManagerInterface.swift */ = {isa = PBXFileReference; lastKnownFileType = sourcecode.swift; path = StorageManagerInterface.swift; sourceTree = "<group>"; };
		4701C832F23C08627A348028 /* Pods_bacon.framework */ = {isa = PBXFileReference; explicitFileType = wrapper.framework; includeInIndex = 0; path = Pods_bacon.framework; sourceTree = BUILT_PRODUCTS_DIR; };
		6542309D6C94355D2328ACB3 /* Pods-bacon.debug.xcconfig */ = {isa = PBXFileReference; includeInIndex = 1; lastKnownFileType = text.xcconfig; name = "Pods-bacon.debug.xcconfig"; path = "Pods/Target Support Files/Pods-bacon/Pods-bacon.debug.xcconfig"; sourceTree = "<group>"; };
		894FB0A0BC60BFB913FD0FD0 /* Pods_baconTests.framework */ = {isa = PBXFileReference; explicitFileType = wrapper.framework; includeInIndex = 0; path = Pods_baconTests.framework; sourceTree = BUILT_PRODUCTS_DIR; };
		8F0B2072225A464D001AF3BA /* HashableClass.swift */ = {isa = PBXFileReference; lastKnownFileType = sourcecode.swift; path = HashableClass.swift; sourceTree = "<group>"; };
		8F3121D8224A39D100A9A554 /* TransactionTime.swift */ = {isa = PBXFileReference; lastKnownFileType = sourcecode.swift; path = TransactionTime.swift; sourceTree = "<group>"; };
		8F3121DA224A3B9800A9A554 /* TransactionTimeTests.swift */ = {isa = PBXFileReference; lastKnownFileType = sourcecode.swift; path = TransactionTimeTests.swift; sourceTree = "<group>"; };
		8F6A7A3C2240B583002E695A /* bacon.app */ = {isa = PBXFileReference; explicitFileType = wrapper.application; includeInIndex = 0; path = bacon.app; sourceTree = BUILT_PRODUCTS_DIR; };
		8F6A7A3F2240B583002E695A /* AppDelegate.swift */ = {isa = PBXFileReference; lastKnownFileType = sourcecode.swift; path = AppDelegate.swift; sourceTree = "<group>"; };
		8F6A7A412240B583002E695A /* MainPageViewController.swift */ = {isa = PBXFileReference; lastKnownFileType = sourcecode.swift; path = MainPageViewController.swift; sourceTree = "<group>"; };
		8F6A7A442240B583002E695A /* Base */ = {isa = PBXFileReference; lastKnownFileType = file.storyboard; name = Base; path = Base.lproj/Main.storyboard; sourceTree = "<group>"; };
		8F6A7A472240B583002E695A /* bacon.xcdatamodel */ = {isa = PBXFileReference; lastKnownFileType = wrapper.xcdatamodel; path = bacon.xcdatamodel; sourceTree = "<group>"; };
		8F6A7A492240B584002E695A /* Assets.xcassets */ = {isa = PBXFileReference; lastKnownFileType = folder.assetcatalog; path = Assets.xcassets; sourceTree = "<group>"; };
		8F6A7A4C2240B584002E695A /* Base */ = {isa = PBXFileReference; lastKnownFileType = file.storyboard; name = Base; path = Base.lproj/LaunchScreen.storyboard; sourceTree = "<group>"; };
		8F6A7A4E2240B584002E695A /* Info.plist */ = {isa = PBXFileReference; lastKnownFileType = text.plist.xml; path = Info.plist; sourceTree = "<group>"; };
		8F6A7A532240B584002E695A /* baconTests.xctest */ = {isa = PBXFileReference; explicitFileType = wrapper.cfbundle; includeInIndex = 0; path = baconTests.xctest; sourceTree = BUILT_PRODUCTS_DIR; };
		8F6A7A572240B584002E695A /* baconTests.swift */ = {isa = PBXFileReference; lastKnownFileType = sourcecode.swift; path = baconTests.swift; sourceTree = "<group>"; };
		8F6A7A592240B584002E695A /* Info.plist */ = {isa = PBXFileReference; lastKnownFileType = text.plist.xml; path = Info.plist; sourceTree = "<group>"; };
		8F6A7A5E2240B584002E695A /* baconUITests.xctest */ = {isa = PBXFileReference; explicitFileType = wrapper.cfbundle; includeInIndex = 0; path = baconUITests.xctest; sourceTree = BUILT_PRODUCTS_DIR; };
		8F6A7A622240B584002E695A /* baconUITests.swift */ = {isa = PBXFileReference; lastKnownFileType = sourcecode.swift; path = baconUITests.swift; sourceTree = "<group>"; };
		8F6A7A642240B584002E695A /* Info.plist */ = {isa = PBXFileReference; lastKnownFileType = text.plist.xml; path = Info.plist; sourceTree = "<group>"; };
		8F845CE622446EE1007A992D /* TransactionTests.swift */ = {isa = PBXFileReference; lastKnownFileType = sourcecode.swift; path = TransactionTests.swift; sourceTree = "<group>"; };
		8F845CE822446F1E007A992D /* TransactionFrequencyTests.swift */ = {isa = PBXFileReference; lastKnownFileType = sourcecode.swift; path = TransactionFrequencyTests.swift; sourceTree = "<group>"; };
		8F8487D8224B7909001F881C /* Observer.swift */ = {isa = PBXFileReference; lastKnownFileType = sourcecode.swift; path = Observer.swift; sourceTree = "<group>"; };
		8F8487DA224B7D7D001F881C /* Observable.swift */ = {isa = PBXFileReference; lastKnownFileType = sourcecode.swift; path = Observable.swift; sourceTree = "<group>"; };
		8F8487DC224BC4C7001F881C /* ObserverTests.swift */ = {isa = PBXFileReference; lastKnownFileType = sourcecode.swift; path = ObserverTests.swift; sourceTree = "<group>"; };
		8F8487E0224DA874001F881C /* CodableCLLocation.swift */ = {isa = PBXFileReference; lastKnownFileType = sourcecode.swift; path = CodableCLLocation.swift; sourceTree = "<group>"; };
		8F8487E2224DA98A001F881C /* CodableCLLocationTests.swift */ = {isa = PBXFileReference; lastKnownFileType = sourcecode.swift; path = CodableCLLocationTests.swift; sourceTree = "<group>"; };
		8F89424A225E00D4007146AC /* TagManager.swift */ = {isa = PBXFileReference; lastKnownFileType = sourcecode.swift; path = TagManager.swift; sourceTree = "<group>"; };
		8F89424C225E01D6007146AC /* TagManagerInterface.swift */ = {isa = PBXFileReference; lastKnownFileType = sourcecode.swift; path = TagManagerInterface.swift; sourceTree = "<group>"; };
		8F894251225E5017007146AC /* TagManagerTests.swift */ = {isa = PBXFileReference; lastKnownFileType = sourcecode.swift; path = TagManagerTests.swift; sourceTree = "<group>"; };
		8F913A7A225F398D00D20FA2 /* FileStorageManager.swift */ = {isa = PBXFileReference; lastKnownFileType = sourcecode.swift; path = FileStorageManager.swift; sourceTree = "<group>"; };
		8F913A812260DC5900D20FA2 /* TagValueSourceInterface.swift */ = {isa = PBXFileReference; lastKnownFileType = sourcecode.swift; path = TagValueSourceInterface.swift; sourceTree = "<group>"; };
		8FBEDD8B3903E2EC8591BBD1 /* Pods-baconUITests.debug.xcconfig */ = {isa = PBXFileReference; includeInIndex = 1; lastKnownFileType = text.xcconfig; name = "Pods-baconUITests.debug.xcconfig"; path = "Pods/Target Support Files/Pods-baconUITests/Pods-baconUITests.debug.xcconfig"; sourceTree = "<group>"; };
		8FD0EC8A22533E3E00FCCBFB /* CodableUIImage.swift */ = {isa = PBXFileReference; lastKnownFileType = sourcecode.swift; path = CodableUIImage.swift; sourceTree = "<group>"; };
		8FD0EC8C225342A500FCCBFB /* CodableUIImageTests.swift */ = {isa = PBXFileReference; lastKnownFileType = sourcecode.swift; path = CodableUIImageTests.swift; sourceTree = "<group>"; };
		8FD5F7CA2240E7620023A7FC /* Transaction.swift */ = {isa = PBXFileReference; lastKnownFileType = sourcecode.swift; path = Transaction.swift; sourceTree = "<group>"; };
		8FD5F7CC2240E8F20023A7FC /* TransactionFrequency.swift */ = {isa = PBXFileReference; lastKnownFileType = sourcecode.swift; path = TransactionFrequency.swift; sourceTree = "<group>"; };
		8FD5F7CF2240EA700023A7FC /* InitializationError.swift */ = {isa = PBXFileReference; lastKnownFileType = sourcecode.swift; path = InitializationError.swift; sourceTree = "<group>"; };
		8FD5F7D22240EE8C0023A7FC /* TransactionCategory.swift */ = {isa = PBXFileReference; lastKnownFileType = sourcecode.swift; path = TransactionCategory.swift; sourceTree = "<group>"; };
		8FD5F7D42240F50B0023A7FC /* TransactionType.swift */ = {isa = PBXFileReference; lastKnownFileType = sourcecode.swift; path = TransactionType.swift; sourceTree = "<group>"; };
		9620A3D3E871F6AA3491DCDF /* Pods-baconTests.debug.xcconfig */ = {isa = PBXFileReference; includeInIndex = 1; lastKnownFileType = text.xcconfig; name = "Pods-baconTests.debug.xcconfig"; path = "Pods/Target Support Files/Pods-baconTests/Pods-baconTests.debug.xcconfig"; sourceTree = "<group>"; };
		9F2E21D62240F90800C5A31E /* README.md */ = {isa = PBXFileReference; fileEncoding = 4; lastKnownFileType = net.daringfireball.markdown; path = README.md; sourceTree = "<group>"; };
		9F2E21D82240FE9000C5A31E /* StorageCouchBaseDB.swift */ = {isa = PBXFileReference; lastKnownFileType = sourcecode.swift; path = StorageCouchBaseDB.swift; sourceTree = "<group>"; };
		9F67EF32225C96F9004F6D0B /* BudgetManager.swift */ = {isa = PBXFileReference; lastKnownFileType = sourcecode.swift; path = BudgetManager.swift; sourceTree = "<group>"; };
		9F67EF34225C9A73004F6D0B /* CoreLogicInterface.swift */ = {isa = PBXFileReference; lastKnownFileType = sourcecode.swift; path = CoreLogicInterface.swift; sourceTree = "<group>"; };
		9F7154012261D7F400FF047F /* StorageCouchBaseDB+TagAssociation.swift */ = {isa = PBXFileReference; lastKnownFileType = sourcecode.swift; path = "StorageCouchBaseDB+TagAssociation.swift"; sourceTree = "<group>"; };
		9F71AEF4225B3707005F043A /* StorageCouchBaseDB+Budget.swift */ = {isa = PBXFileReference; lastKnownFileType = sourcecode.swift; path = "StorageCouchBaseDB+Budget.swift"; sourceTree = "<group>"; };
		9F71AEF6225B37C6005F043A /* StorageCouchBaseDB+Transaction.swift */ = {isa = PBXFileReference; lastKnownFileType = sourcecode.swift; path = "StorageCouchBaseDB+Transaction.swift"; sourceTree = "<group>"; };
		9F71AEF8225B3D84005F043A /* Budget.swift */ = {isa = PBXFileReference; lastKnownFileType = sourcecode.swift; path = Budget.swift; sourceTree = "<group>"; };
		9F71AEFA225B4116005F043A /* BudgetTests.swift */ = {isa = PBXFileReference; lastKnownFileType = sourcecode.swift; path = BudgetTests.swift; sourceTree = "<group>"; };
		9F79E46D2246463F00BCDDE8 /* StorageManagerTests.swift */ = {isa = PBXFileReference; lastKnownFileType = sourcecode.swift; path = StorageManagerTests.swift; sourceTree = "<group>"; };
		9F7C6DE5224B66F5003E7702 /* TestUtils.swift */ = {isa = PBXFileReference; lastKnownFileType = sourcecode.swift; path = TestUtils.swift; sourceTree = "<group>"; };
		9F7C6DE8224B9C75003E7702 /* InvalidArgumentError.swift */ = {isa = PBXFileReference; lastKnownFileType = sourcecode.swift; path = InvalidArgumentError.swift; sourceTree = "<group>"; };
		9F7FD1132240CD51001E1A8E /* StorageManager.swift */ = {isa = PBXFileReference; lastKnownFileType = sourcecode.swift; path = StorageManager.swift; sourceTree = "<group>"; };
		9F965F8322533E5500AF6092 /* CoreLogic.swift */ = {isa = PBXFileReference; lastKnownFileType = sourcecode.swift; path = CoreLogic.swift; sourceTree = "<group>"; };
		9F965F8522535B9300AF6092 /* TransactionManager.swift */ = {isa = PBXFileReference; lastKnownFileType = sourcecode.swift; path = TransactionManager.swift; sourceTree = "<group>"; };
		9F965F8A2253778E00AF6092 /* CoreLogicTests.swift */ = {isa = PBXFileReference; lastKnownFileType = sourcecode.swift; path = CoreLogicTests.swift; sourceTree = "<group>"; };
		9FB4E16D224419880005403F /* StorageError.swift */ = {isa = PBXFileReference; lastKnownFileType = sourcecode.swift; path = StorageError.swift; sourceTree = "<group>"; };
		BE665F962253A455002EBA74 /* String+initFromCLPlacemark.swift */ = {isa = PBXFileReference; lastKnownFileType = sourcecode.swift; path = "String+initFromCLPlacemark.swift"; sourceTree = "<group>"; };
		BEC5743F2254A301001793EC /* Decimal+toFormattedString.swift */ = {isa = PBXFileReference; lastKnownFileType = sourcecode.swift; path = "Decimal+toFormattedString.swift"; sourceTree = "<group>"; };
		BEC574432254B714001793EC /* UIViewController+Alert.swift */ = {isa = PBXFileReference; lastKnownFileType = sourcecode.swift; path = "UIViewController+Alert.swift"; sourceTree = "<group>"; };
		BEC57445225A3DC9001793EC /* PreviewImageView.swift */ = {isa = PBXFileReference; lastKnownFileType = sourcecode.swift; path = PreviewImageView.swift; sourceTree = "<group>"; };
		BEC57449225C9F90001793EC /* DateTimeSelectionViewController.swift */ = {isa = PBXFileReference; lastKnownFileType = sourcecode.swift; path = DateTimeSelectionViewController.swift; sourceTree = "<group>"; };
		BEC5744B225CA0AD001793EC /* CalendarCell.swift */ = {isa = PBXFileReference; lastKnownFileType = sourcecode.swift; path = CalendarCell.swift; sourceTree = "<group>"; };
		BEC57451225F8DA5001793EC /* TagSelectionViewController.swift */ = {isa = PBXFileReference; lastKnownFileType = sourcecode.swift; path = TagSelectionViewController.swift; sourceTree = "<group>"; };
		BEC57453225F8F0D001793EC /* ParentTagCell.swift */ = {isa = PBXFileReference; lastKnownFileType = sourcecode.swift; path = ParentTagCell.swift; sourceTree = "<group>"; };
		BEC57455225F9442001793EC /* ChildTagCell.swift */ = {isa = PBXFileReference; lastKnownFileType = sourcecode.swift; path = ChildTagCell.swift; sourceTree = "<group>"; };
		BEC5745722605570001793EC /* CoreLogic+BreakDownByTag.swift */ = {isa = PBXFileReference; lastKnownFileType = sourcecode.swift; path = "CoreLogic+BreakDownByTag.swift"; sourceTree = "<group>"; };
		BEE6B6612240C9F00077DFD7 /* TransactionsViewController.swift */ = {isa = PBXFileReference; lastKnownFileType = sourcecode.swift; path = TransactionsViewController.swift; sourceTree = "<group>"; };
		BEE6B6632240D0770077DFD7 /* AnalysisViewController.swift */ = {isa = PBXFileReference; lastKnownFileType = sourcecode.swift; path = AnalysisViewController.swift; sourceTree = "<group>"; };
		BEE6B6652242CF140077DFD7 /* AddTransactionViewController.swift */ = {isa = PBXFileReference; lastKnownFileType = sourcecode.swift; path = AddTransactionViewController.swift; sourceTree = "<group>"; };
		BEE6B6682243F79C0077DFD7 /* Constants.swift */ = {isa = PBXFileReference; lastKnownFileType = sourcecode.swift; path = Constants.swift; sourceTree = "<group>"; };
		BEF38D0A224BA1C500BC8927 /* FoldingCell.swift */ = {isa = PBXFileReference; lastKnownFileType = sourcecode.swift; path = FoldingCell.swift; sourceTree = "<group>"; };
		BEF38D0C224BA2C400BC8927 /* TransactionCell.swift */ = {isa = PBXFileReference; lastKnownFileType = sourcecode.swift; path = TransactionCell.swift; sourceTree = "<group>"; };
		BEF82C142261C157007BC819 /* SetBuddgetViewController.swift */ = {isa = PBXFileReference; lastKnownFileType = sourcecode.swift; path = SetBuddgetViewController.swift; sourceTree = "<group>"; };
		BEF82C162261D5CE007BC819 /* SpendingStatus.swift */ = {isa = PBXFileReference; lastKnownFileType = sourcecode.swift; path = SpendingStatus.swift; sourceTree = "<group>"; };
		BEF82C1822632F46007BC819 /* Prediction.swift */ = {isa = PBXFileReference; lastKnownFileType = sourcecode.swift; path = Prediction.swift; sourceTree = "<group>"; };
		BEF82C1A22633117007BC819 /* PredictionManager.swift */ = {isa = PBXFileReference; lastKnownFileType = sourcecode.swift; path = PredictionManager.swift; sourceTree = "<group>"; };
		BEF82C1C22633177007BC819 /* PredictionGenerator.swift */ = {isa = PBXFileReference; lastKnownFileType = sourcecode.swift; path = PredictionGenerator.swift; sourceTree = "<group>"; };
		BEF82C1E226331A8007BC819 /* BaconPredictionGenerator.swift */ = {isa = PBXFileReference; lastKnownFileType = sourcecode.swift; path = BaconPredictionGenerator.swift; sourceTree = "<group>"; };
		BEF82C202264D77F007BC819 /* PredictionTests.swift */ = {isa = PBXFileReference; lastKnownFileType = sourcecode.swift; path = PredictionTests.swift; sourceTree = "<group>"; };
		BEF82C242264DBA7007BC819 /* PredictionGeneratorTests.swift */ = {isa = PBXFileReference; lastKnownFileType = sourcecode.swift; path = PredictionGeneratorTests.swift; sourceTree = "<group>"; };
		CA24B1D1138A1F0774F42251 /* Pods-baconTests.release.xcconfig */ = {isa = PBXFileReference; includeInIndex = 1; lastKnownFileType = text.xcconfig; name = "Pods-baconTests.release.xcconfig"; path = "Pods/Target Support Files/Pods-baconTests/Pods-baconTests.release.xcconfig"; sourceTree = "<group>"; };
		DD379625D2CF2952EA2B2E6A /* Pods-baconUITests.release.xcconfig */ = {isa = PBXFileReference; includeInIndex = 1; lastKnownFileType = text.xcconfig; name = "Pods-baconUITests.release.xcconfig"; path = "Pods/Target Support Files/Pods-baconUITests/Pods-baconUITests.release.xcconfig"; sourceTree = "<group>"; };
		F38C0C0022ADF9C5F622445F /* Pods-bacon.release.xcconfig */ = {isa = PBXFileReference; includeInIndex = 1; lastKnownFileType = text.xcconfig; name = "Pods-bacon.release.xcconfig"; path = "Pods/Target Support Files/Pods-bacon/Pods-bacon.release.xcconfig"; sourceTree = "<group>"; };
/* End PBXFileReference section */

/* Begin PBXFrameworksBuildPhase section */
		8F6A7A392240B583002E695A /* Frameworks */ = {
			isa = PBXFrameworksBuildPhase;
			buildActionMask = 2147483647;
			files = (
				D15E5FA942198228451024EA /* Pods_bacon.framework in Frameworks */,
			);
			runOnlyForDeploymentPostprocessing = 0;
		};
		8F6A7A502240B584002E695A /* Frameworks */ = {
			isa = PBXFrameworksBuildPhase;
			buildActionMask = 2147483647;
			files = (
				0B931CE7463280668924F212 /* Pods_baconTests.framework in Frameworks */,
			);
			runOnlyForDeploymentPostprocessing = 0;
		};
		8F6A7A5B2240B584002E695A /* Frameworks */ = {
			isa = PBXFrameworksBuildPhase;
			buildActionMask = 2147483647;
			files = (
				C288EBE898DE7040D8233568 /* Pods_baconUITests.framework in Frameworks */,
			);
			runOnlyForDeploymentPostprocessing = 0;
		};
/* End PBXFrameworksBuildPhase section */

/* Begin PBXGroup section */
		1435C59EF1DAC08B895B34F7 /* Pods */ = {
			isa = PBXGroup;
			children = (
				6542309D6C94355D2328ACB3 /* Pods-bacon.debug.xcconfig */,
				F38C0C0022ADF9C5F622445F /* Pods-bacon.release.xcconfig */,
				9620A3D3E871F6AA3491DCDF /* Pods-baconTests.debug.xcconfig */,
				CA24B1D1138A1F0774F42251 /* Pods-baconTests.release.xcconfig */,
				8FBEDD8B3903E2EC8591BBD1 /* Pods-baconUITests.debug.xcconfig */,
				DD379625D2CF2952EA2B2E6A /* Pods-baconUITests.release.xcconfig */,
			);
			name = Pods;
			sourceTree = "<group>";
		};
		8F6A7A332240B583002E695A = {
			isa = PBXGroup;
			children = (
				9F2E21D62240F90800C5A31E /* README.md */,
				8F6A7A3E2240B583002E695A /* bacon */,
				8F6A7A562240B584002E695A /* baconTests */,
				8F6A7A612240B584002E695A /* baconUITests */,
				8F6A7A3D2240B583002E695A /* Products */,
				1435C59EF1DAC08B895B34F7 /* Pods */,
				BD457F2709C6174F4CAA1C60 /* Frameworks */,
			);
			sourceTree = "<group>";
		};
		8F6A7A3D2240B583002E695A /* Products */ = {
			isa = PBXGroup;
			children = (
				8F6A7A3C2240B583002E695A /* bacon.app */,
				8F6A7A532240B584002E695A /* baconTests.xctest */,
				8F6A7A5E2240B584002E695A /* baconUITests.xctest */,
			);
			name = Products;
			sourceTree = "<group>";
		};
		8F6A7A3E2240B583002E695A /* bacon */ = {
			isa = PBXGroup;
			children = (
				8F6A7A3F2240B583002E695A /* AppDelegate.swift */,
				8FD5F7CE2240EA530023A7FC /* commons */,
				9F7FD1122240CBFF001E1A8E /* model */,
				BEF38D09224B9FEC00BC8927 /* view */,
				9F2E21D52240F86100C5A31E /* controller */,
				8F6A7A432240B583002E695A /* Main.storyboard */,
				8F6A7A492240B584002E695A /* Assets.xcassets */,
				8F6A7A4B2240B584002E695A /* LaunchScreen.storyboard */,
				8F6A7A4E2240B584002E695A /* Info.plist */,
				8F6A7A462240B583002E695A /* bacon.xcdatamodeld */,
			);
			path = bacon;
			sourceTree = "<group>";
		};
		8F6A7A562240B584002E695A /* baconTests */ = {
			isa = PBXGroup;
			children = (
				8F6A7A572240B584002E695A /* baconTests.swift */,
				8F6A7A592240B584002E695A /* Info.plist */,
				9F7C6DE5224B66F5003E7702 /* TestUtils.swift */,
				9F965F882253774500AF6092 /* commons */,
				9F965F872253770100AF6092 /* model */,
				9F965F892253775F00AF6092 /* controller */,
			);
			path = baconTests;
			sourceTree = "<group>";
		};
		8F6A7A612240B584002E695A /* baconUITests */ = {
			isa = PBXGroup;
			children = (
				8F6A7A622240B584002E695A /* baconUITests.swift */,
				8F6A7A642240B584002E695A /* Info.plist */,
			);
			path = baconUITests;
			sourceTree = "<group>";
		};
		8F89424E225E0263007146AC /* Tags */ = {
			isa = PBXGroup;
			children = (
				8F89424A225E00D4007146AC /* TagManager.swift */,
				8F89424C225E01D6007146AC /* TagManagerInterface.swift */,
				8F913A812260DC5900D20FA2 /* TagValueSourceInterface.swift */,
			);
			path = Tags;
			sourceTree = "<group>";
		};
		8F913A77225F2F8D00D20FA2 /* errors */ = {
			isa = PBXGroup;
			children = (
				8FD5F7CF2240EA700023A7FC /* InitializationError.swift */,
				9F7C6DE8224B9C75003E7702 /* InvalidArgumentError.swift */,
				9FB4E16D224419880005403F /* StorageError.swift */,
			);
			path = errors;
			sourceTree = "<group>";
		};
		8F913A78225F2F9C00D20FA2 /* extensions */ = {
			isa = PBXGroup;
			children = (
				BEC5743F2254A301001793EC /* Decimal+toFormattedString.swift */,
				BE665F962253A455002EBA74 /* String+initFromCLPlacemark.swift */,
			);
			path = extensions;
			sourceTree = "<group>";
		};
		8F913A79225F398100D20FA2 /* utils */ = {
			isa = PBXGroup;
			children = (
				8F913A7A225F398D00D20FA2 /* FileStorageManager.swift */,
			);
			name = utils;
			path = "New Group";
			sourceTree = "<group>";
		};
		8F913A7C2260538700D20FA2 /* transaction */ = {
			isa = PBXGroup;
			children = (
				8FD5F7CA2240E7620023A7FC /* Transaction.swift */,
				8FD5F7D22240EE8C0023A7FC /* TransactionCategory.swift */,
				8FD5F7CC2240E8F20023A7FC /* TransactionFrequency.swift */,
				8F3121D8224A39D100A9A554 /* TransactionTime.swift */,
				8FD5F7D42240F50B0023A7FC /* TransactionType.swift */,
			);
			path = transaction;
			sourceTree = "<group>";
		};
		8FD5F7CE2240EA530023A7FC /* commons */ = {
			isa = PBXGroup;
			children = (
				8F913A79225F398100D20FA2 /* utils */,
				8F913A77225F2F8D00D20FA2 /* errors */,
				8F913A78225F2F9C00D20FA2 /* extensions */,
				BEE6B6682243F79C0077DFD7 /* Constants.swift */,
				8F8487E0224DA874001F881C /* CodableCLLocation.swift */,
				8FD0EC8A22533E3E00FCCBFB /* CodableUIImage.swift */,
				8F0B2072225A464D001AF3BA /* HashableClass.swift */,
				8F8487DA224B7D7D001F881C /* Observable.swift */,
				8F8487D8224B7909001F881C /* Observer.swift */,
			);
			path = commons;
			sourceTree = "<group>";
		};
		9F2E21D52240F86100C5A31E /* controller */ = {
			isa = PBXGroup;
			children = (
				8F6A7A412240B583002E695A /* MainPageViewController.swift */,
				BEE6B6652242CF140077DFD7 /* AddTransactionViewController.swift */,
				BEC57449225C9F90001793EC /* DateTimeSelectionViewController.swift */,
				BEE6B6612240C9F00077DFD7 /* TransactionsViewController.swift */,
				BEE6B6632240D0770077DFD7 /* AnalysisViewController.swift */,
				9F67EF34225C9A73004F6D0B /* CoreLogicInterface.swift */,
				9F965F8322533E5500AF6092 /* CoreLogic.swift */,
				45639D7C2266633100B07AA6 /* StorageManagerInterface.swift */,
				9F7FD1132240CD51001E1A8E /* StorageManager.swift */,
				9F965F8522535B9300AF6092 /* TransactionManager.swift */,
				9F67EF32225C96F9004F6D0B /* BudgetManager.swift */,
				BEC574432254B714001793EC /* UIViewController+Alert.swift */,
				BEC57451225F8DA5001793EC /* TagSelectionViewController.swift */,
				BEC5745722605570001793EC /* CoreLogic+BreakDownByTag.swift */,
				BEF82C142261C157007BC819 /* SetBuddgetViewController.swift */,
			);
			path = controller;
			sourceTree = "<group>";
		};
		9F7FD1122240CBFF001E1A8E /* model */ = {
			isa = PBXGroup;
			children = (
				8F913A7C2260538700D20FA2 /* transaction */,
				8F89424E225E0263007146AC /* Tags */,
				9F2E21D82240FE9000C5A31E /* StorageCouchBaseDB.swift */,
				9F71AEF6225B37C6005F043A /* StorageCouchBaseDB+Transaction.swift */,
				9F7154012261D7F400FF047F /* StorageCouchBaseDB+TagAssociation.swift */,
				9F71AEF4225B3707005F043A /* StorageCouchBaseDB+Budget.swift */,
				45639D7A2266513D00B07AA6 /* StorageCouchBaseDB+Prediction.swift */,
				9F71AEF8225B3D84005F043A /* Budget.swift */,
				BEF82C162261D5CE007BC819 /* SpendingStatus.swift */,
				BEF82C1822632F46007BC819 /* Prediction.swift */,
				BEF82C1A22633117007BC819 /* PredictionManager.swift */,
				BEF82C1C22633177007BC819 /* PredictionGenerator.swift */,
				BEF82C1E226331A8007BC819 /* BaconPredictionGenerator.swift */,
			);
			path = model;
			sourceTree = "<group>";
		};
		9F965F872253770100AF6092 /* model */ = {
			isa = PBXGroup;
			children = (
				9F79E46D2246463F00BCDDE8 /* StorageManagerTests.swift */,
				8F845CE622446EE1007A992D /* TransactionTests.swift */,
				8F845CE822446F1E007A992D /* TransactionFrequencyTests.swift */,
				8F3121DA224A3B9800A9A554 /* TransactionTimeTests.swift */,
				9F71AEFA225B4116005F043A /* BudgetTests.swift */,
				8F894251225E5017007146AC /* TagManagerTests.swift */,
				BEF82C202264D77F007BC819 /* PredictionTests.swift */,
				BEF82C242264DBA7007BC819 /* PredictionGeneratorTests.swift */,
			);
			path = model;
			sourceTree = "<group>";
		};
		9F965F882253774500AF6092 /* commons */ = {
			isa = PBXGroup;
			children = (
				8F8487E2224DA98A001F881C /* CodableCLLocationTests.swift */,
				8FD0EC8C225342A500FCCBFB /* CodableUIImageTests.swift */,
				8F8487DC224BC4C7001F881C /* ObserverTests.swift */,
			);
			path = commons;
			sourceTree = "<group>";
		};
		9F965F892253775F00AF6092 /* controller */ = {
			isa = PBXGroup;
			children = (
				9F965F8A2253778E00AF6092 /* CoreLogicTests.swift */,
			);
			path = controller;
			sourceTree = "<group>";
		};
		BD457F2709C6174F4CAA1C60 /* Frameworks */ = {
			isa = PBXGroup;
			children = (
				4701C832F23C08627A348028 /* Pods_bacon.framework */,
				894FB0A0BC60BFB913FD0FD0 /* Pods_baconTests.framework */,
				40A0E39274434CA88AAD4001 /* Pods_baconUITests.framework */,
			);
			name = Frameworks;
			sourceTree = "<group>";
		};
		BEF38D09224B9FEC00BC8927 /* view */ = {
			isa = PBXGroup;
			children = (
				BEF38D0A224BA1C500BC8927 /* FoldingCell.swift */,
				BEF38D0C224BA2C400BC8927 /* TransactionCell.swift */,
				BEC57445225A3DC9001793EC /* PreviewImageView.swift */,
				BEC5744B225CA0AD001793EC /* CalendarCell.swift */,
				BEC57453225F8F0D001793EC /* ParentTagCell.swift */,
				BEC57455225F9442001793EC /* ChildTagCell.swift */,
			);
			path = view;
			sourceTree = "<group>";
		};
/* End PBXGroup section */

/* Begin PBXNativeTarget section */
		8F6A7A3B2240B583002E695A /* bacon */ = {
			isa = PBXNativeTarget;
			buildConfigurationList = 8F6A7A672240B585002E695A /* Build configuration list for PBXNativeTarget "bacon" */;
			buildPhases = (
				C3B87F0B5CFDEA20286725BD /* [CP] Check Pods Manifest.lock */,
				8F6A7A382240B583002E695A /* Sources */,
				8F6A7A392240B583002E695A /* Frameworks */,
				8F6A7A3A2240B583002E695A /* Resources */,
				CBD90862E033C7512FC11550 /* [CP] Embed Pods Frameworks */,
				9F7C6DE7224B8EE9003E7702 /* ShellScript */,
			);
			buildRules = (
			);
			dependencies = (
			);
			name = bacon;
			productName = bacon;
			productReference = 8F6A7A3C2240B583002E695A /* bacon.app */;
			productType = "com.apple.product-type.application";
		};
		8F6A7A522240B584002E695A /* baconTests */ = {
			isa = PBXNativeTarget;
			buildConfigurationList = 8F6A7A6A2240B585002E695A /* Build configuration list for PBXNativeTarget "baconTests" */;
			buildPhases = (
				822DB7A8C3FD7163CD9D051F /* [CP] Check Pods Manifest.lock */,
				8F6A7A4F2240B584002E695A /* Sources */,
				8F6A7A502240B584002E695A /* Frameworks */,
				8F6A7A512240B584002E695A /* Resources */,
			);
			buildRules = (
			);
			dependencies = (
				8F6A7A552240B584002E695A /* PBXTargetDependency */,
			);
			name = baconTests;
			productName = baconTests;
			productReference = 8F6A7A532240B584002E695A /* baconTests.xctest */;
			productType = "com.apple.product-type.bundle.unit-test";
		};
		8F6A7A5D2240B584002E695A /* baconUITests */ = {
			isa = PBXNativeTarget;
			buildConfigurationList = 8F6A7A6D2240B585002E695A /* Build configuration list for PBXNativeTarget "baconUITests" */;
			buildPhases = (
				3C2F8DBB4E9BEBF1C718C0AE /* [CP] Check Pods Manifest.lock */,
				8F6A7A5A2240B584002E695A /* Sources */,
				8F6A7A5B2240B584002E695A /* Frameworks */,
				8F6A7A5C2240B584002E695A /* Resources */,
			);
			buildRules = (
			);
			dependencies = (
				8F6A7A602240B584002E695A /* PBXTargetDependency */,
			);
			name = baconUITests;
			productName = baconUITests;
			productReference = 8F6A7A5E2240B584002E695A /* baconUITests.xctest */;
			productType = "com.apple.product-type.bundle.ui-testing";
		};
/* End PBXNativeTarget section */

/* Begin PBXProject section */
		8F6A7A342240B583002E695A /* Project object */ = {
			isa = PBXProject;
			attributes = {
				LastSwiftUpdateCheck = 1010;
				LastUpgradeCheck = 1010;
				ORGANIZATIONNAME = nus.CS3217;
				TargetAttributes = {
					8F6A7A3B2240B583002E695A = {
						CreatedOnToolsVersion = 10.1;
					};
					8F6A7A522240B584002E695A = {
						CreatedOnToolsVersion = 10.1;
						TestTargetID = 8F6A7A3B2240B583002E695A;
					};
					8F6A7A5D2240B584002E695A = {
						CreatedOnToolsVersion = 10.1;
						TestTargetID = 8F6A7A3B2240B583002E695A;
					};
				};
			};
			buildConfigurationList = 8F6A7A372240B583002E695A /* Build configuration list for PBXProject "bacon" */;
			compatibilityVersion = "Xcode 9.3";
			developmentRegion = en;
			hasScannedForEncodings = 0;
			knownRegions = (
				en,
				Base,
			);
			mainGroup = 8F6A7A332240B583002E695A;
			productRefGroup = 8F6A7A3D2240B583002E695A /* Products */;
			projectDirPath = "";
			projectRoot = "";
			targets = (
				8F6A7A3B2240B583002E695A /* bacon */,
				8F6A7A522240B584002E695A /* baconTests */,
				8F6A7A5D2240B584002E695A /* baconUITests */,
			);
		};
/* End PBXProject section */

/* Begin PBXResourcesBuildPhase section */
		8F6A7A3A2240B583002E695A /* Resources */ = {
			isa = PBXResourcesBuildPhase;
			buildActionMask = 2147483647;
			files = (
				8F6A7A4D2240B584002E695A /* LaunchScreen.storyboard in Resources */,
				8F6A7A4A2240B584002E695A /* Assets.xcassets in Resources */,
				9F2E21D72240F90800C5A31E /* README.md in Resources */,
				8F6A7A452240B583002E695A /* Main.storyboard in Resources */,
			);
			runOnlyForDeploymentPostprocessing = 0;
		};
		8F6A7A512240B584002E695A /* Resources */ = {
			isa = PBXResourcesBuildPhase;
			buildActionMask = 2147483647;
			files = (
			);
			runOnlyForDeploymentPostprocessing = 0;
		};
		8F6A7A5C2240B584002E695A /* Resources */ = {
			isa = PBXResourcesBuildPhase;
			buildActionMask = 2147483647;
			files = (
			);
			runOnlyForDeploymentPostprocessing = 0;
		};
/* End PBXResourcesBuildPhase section */

/* Begin PBXShellScriptBuildPhase section */
		3C2F8DBB4E9BEBF1C718C0AE /* [CP] Check Pods Manifest.lock */ = {
			isa = PBXShellScriptBuildPhase;
			buildActionMask = 2147483647;
			files = (
			);
			inputFileListPaths = (
			);
			inputPaths = (
				"${PODS_PODFILE_DIR_PATH}/Podfile.lock",
				"${PODS_ROOT}/Manifest.lock",
			);
			name = "[CP] Check Pods Manifest.lock";
			outputFileListPaths = (
			);
			outputPaths = (
				"$(DERIVED_FILE_DIR)/Pods-baconUITests-checkManifestLockResult.txt",
			);
			runOnlyForDeploymentPostprocessing = 0;
			shellPath = /bin/sh;
			shellScript = "diff \"${PODS_PODFILE_DIR_PATH}/Podfile.lock\" \"${PODS_ROOT}/Manifest.lock\" > /dev/null\nif [ $? != 0 ] ; then\n    # print error to STDERR\n    echo \"error: The sandbox is not in sync with the Podfile.lock. Run 'pod install' or update your CocoaPods installation.\" >&2\n    exit 1\nfi\n# This output is used by Xcode 'outputs' to avoid re-running this script phase.\necho \"SUCCESS\" > \"${SCRIPT_OUTPUT_FILE_0}\"\n";
			showEnvVarsInLog = 0;
		};
		822DB7A8C3FD7163CD9D051F /* [CP] Check Pods Manifest.lock */ = {
			isa = PBXShellScriptBuildPhase;
			buildActionMask = 2147483647;
			files = (
			);
			inputFileListPaths = (
			);
			inputPaths = (
				"${PODS_PODFILE_DIR_PATH}/Podfile.lock",
				"${PODS_ROOT}/Manifest.lock",
			);
			name = "[CP] Check Pods Manifest.lock";
			outputFileListPaths = (
			);
			outputPaths = (
				"$(DERIVED_FILE_DIR)/Pods-baconTests-checkManifestLockResult.txt",
			);
			runOnlyForDeploymentPostprocessing = 0;
			shellPath = /bin/sh;
			shellScript = "diff \"${PODS_PODFILE_DIR_PATH}/Podfile.lock\" \"${PODS_ROOT}/Manifest.lock\" > /dev/null\nif [ $? != 0 ] ; then\n    # print error to STDERR\n    echo \"error: The sandbox is not in sync with the Podfile.lock. Run 'pod install' or update your CocoaPods installation.\" >&2\n    exit 1\nfi\n# This output is used by Xcode 'outputs' to avoid re-running this script phase.\necho \"SUCCESS\" > \"${SCRIPT_OUTPUT_FILE_0}\"\n";
			showEnvVarsInLog = 0;
		};
		9F7C6DE7224B8EE9003E7702 /* ShellScript */ = {
			isa = PBXShellScriptBuildPhase;
			buildActionMask = 2147483647;
			files = (
			);
			inputFileListPaths = (
			);
			inputPaths = (
			);
			outputFileListPaths = (
			);
			outputPaths = (
			);
			runOnlyForDeploymentPostprocessing = 0;
			shellPath = /bin/sh;
			shellScript = "if which swiftlint >/dev/null; then\nswiftlint\nelse\necho \"warning: SwiftLint not installed, download from https://github.com/realm/SwiftLint\"\nfi\n";
		};
		C3B87F0B5CFDEA20286725BD /* [CP] Check Pods Manifest.lock */ = {
			isa = PBXShellScriptBuildPhase;
			buildActionMask = 2147483647;
			files = (
			);
			inputFileListPaths = (
			);
			inputPaths = (
				"${PODS_PODFILE_DIR_PATH}/Podfile.lock",
				"${PODS_ROOT}/Manifest.lock",
			);
			name = "[CP] Check Pods Manifest.lock";
			outputFileListPaths = (
			);
			outputPaths = (
				"$(DERIVED_FILE_DIR)/Pods-bacon-checkManifestLockResult.txt",
			);
			runOnlyForDeploymentPostprocessing = 0;
			shellPath = /bin/sh;
			shellScript = "diff \"${PODS_PODFILE_DIR_PATH}/Podfile.lock\" \"${PODS_ROOT}/Manifest.lock\" > /dev/null\nif [ $? != 0 ] ; then\n    # print error to STDERR\n    echo \"error: The sandbox is not in sync with the Podfile.lock. Run 'pod install' or update your CocoaPods installation.\" >&2\n    exit 1\nfi\n# This output is used by Xcode 'outputs' to avoid re-running this script phase.\necho \"SUCCESS\" > \"${SCRIPT_OUTPUT_FILE_0}\"\n";
			showEnvVarsInLog = 0;
		};
		CBD90862E033C7512FC11550 /* [CP] Embed Pods Frameworks */ = {
			isa = PBXShellScriptBuildPhase;
			buildActionMask = 2147483647;
			files = (
			);
			inputFileListPaths = (
			);
			inputPaths = (
				"${PODS_ROOT}/Target Support Files/Pods-bacon/Pods-bacon-frameworks.sh",
				"${PODS_ROOT}/CouchbaseLite-Swift/iOS/CouchbaseLiteSwift.framework",
				"${PODS_ROOT}/CouchbaseLite-Swift/iOS/CouchbaseLiteSwift.framework.dSYM",
				"${BUILT_PRODUCTS_DIR}/JTAppleCalendar/JTAppleCalendar.framework",
				"${BUILT_PRODUCTS_DIR}/SwiftyBeaver/SwiftyBeaver.framework",
			);
			name = "[CP] Embed Pods Frameworks";
			outputFileListPaths = (
			);
			outputPaths = (
				"${TARGET_BUILD_DIR}/${FRAMEWORKS_FOLDER_PATH}/CouchbaseLiteSwift.framework",
				"${DWARF_DSYM_FOLDER_PATH}/CouchbaseLiteSwift.framework.dSYM",
				"${TARGET_BUILD_DIR}/${FRAMEWORKS_FOLDER_PATH}/JTAppleCalendar.framework",
				"${TARGET_BUILD_DIR}/${FRAMEWORKS_FOLDER_PATH}/SwiftyBeaver.framework",
			);
			runOnlyForDeploymentPostprocessing = 0;
			shellPath = /bin/sh;
			shellScript = "\"${PODS_ROOT}/Target Support Files/Pods-bacon/Pods-bacon-frameworks.sh\"\n";
			showEnvVarsInLog = 0;
		};
/* End PBXShellScriptBuildPhase section */

/* Begin PBXSourcesBuildPhase section */
		8F6A7A382240B583002E695A /* Sources */ = {
			isa = PBXSourcesBuildPhase;
			buildActionMask = 2147483647;
			files = (
				BEC57452225F8DA5001793EC /* TagSelectionViewController.swift in Sources */,
				8F89424B225E00D4007146AC /* TagManager.swift in Sources */,
				9F71AEF5225B3707005F043A /* StorageCouchBaseDB+Budget.swift in Sources */,
				8F913A822260DC5900D20FA2 /* TagValueSourceInterface.swift in Sources */,
				8FD5F7CB2240E7620023A7FC /* Transaction.swift in Sources */,
				9F71AEF9225B3D84005F043A /* Budget.swift in Sources */,
				8F0B2073225A464D001AF3BA /* HashableClass.swift in Sources */,
				BEF38D0B224BA1C500BC8927 /* FoldingCell.swift in Sources */,
				8F6A7A422240B583002E695A /* MainPageViewController.swift in Sources */,
				9F2E21D92240FE9000C5A31E /* StorageCouchBaseDB.swift in Sources */,
				9F71AEF7225B37C6005F043A /* StorageCouchBaseDB+Transaction.swift in Sources */,
				8F6A7A482240B583002E695A /* bacon.xcdatamodeld in Sources */,
				9F7C6DE9224B9C75003E7702 /* InvalidArgumentError.swift in Sources */,
				45639D7D2266633100B07AA6 /* StorageManagerInterface.swift in Sources */,
				BEC5744C225CA0AD001793EC /* CalendarCell.swift in Sources */,
				BEF82C1B22633117007BC819 /* PredictionManager.swift in Sources */,
				BEC57446225A3DC9001793EC /* PreviewImageView.swift in Sources */,
				BEE6B6662242CF140077DFD7 /* AddTransactionViewController.swift in Sources */,
				9FB4E16E224419880005403F /* StorageError.swift in Sources */,
				BEF82C1D22633177007BC819 /* PredictionGenerator.swift in Sources */,
				8F8487D9224B7909001F881C /* Observer.swift in Sources */,
				BEF82C1922632F47007BC819 /* Prediction.swift in Sources */,
				8FD0EC8B22533E3E00FCCBFB /* CodableUIImage.swift in Sources */,
				9F7FD1142240CD51001E1A8E /* StorageManager.swift in Sources */,
				8FD5F7D32240EE8C0023A7FC /* TransactionCategory.swift in Sources */,
				BEE6B6692243F79C0077DFD7 /* Constants.swift in Sources */,
				BEF82C152261C157007BC819 /* SetBuddgetViewController.swift in Sources */,
				BEC5744A225C9F90001793EC /* DateTimeSelectionViewController.swift in Sources */,
				9F67EF33225C96F9004F6D0B /* BudgetManager.swift in Sources */,
				BEC574402254A301001793EC /* Decimal+toFormattedString.swift in Sources */,
				8F3121D9224A39D100A9A554 /* TransactionTime.swift in Sources */,
				8FD5F7D02240EA700023A7FC /* InitializationError.swift in Sources */,
				8F913A7B225F398D00D20FA2 /* FileStorageManager.swift in Sources */,
				8F8487E1224DA874001F881C /* CodableCLLocation.swift in Sources */,
				BE665F972253A455002EBA74 /* String+initFromCLPlacemark.swift in Sources */,
				BEE6B6622240C9F10077DFD7 /* TransactionsViewController.swift in Sources */,
				8FD5F7CD2240E8F20023A7FC /* TransactionFrequency.swift in Sources */,
				BEC57454225F8F0D001793EC /* ParentTagCell.swift in Sources */,
				9F7154022261D7F400FF047F /* StorageCouchBaseDB+TagAssociation.swift in Sources */,
				9F965F8622535B9300AF6092 /* TransactionManager.swift in Sources */,
				8F89424D225E01D6007146AC /* TagManagerInterface.swift in Sources */,
				9F965F8422533E5500AF6092 /* CoreLogic.swift in Sources */,
				BEF38D0D224BA2C400BC8927 /* TransactionCell.swift in Sources */,
				BEC5745822605570001793EC /* CoreLogic+BreakDownByTag.swift in Sources */,
				BEF82C172261D5CE007BC819 /* SpendingStatus.swift in Sources */,
				BEF82C1F226331A8007BC819 /* BaconPredictionGenerator.swift in Sources */,
				8F6A7A402240B583002E695A /* AppDelegate.swift in Sources */,
				8FD5F7D52240F50B0023A7FC /* TransactionType.swift in Sources */,
				45639D7B2266513D00B07AA6 /* StorageCouchBaseDB+Prediction.swift in Sources */,
				8F8487DB224B7D7D001F881C /* Observable.swift in Sources */,
				9F67EF35225C9A73004F6D0B /* CoreLogicInterface.swift in Sources */,
				BEC57456225F9442001793EC /* ChildTagCell.swift in Sources */,
				BEE6B6642240D0770077DFD7 /* AnalysisViewController.swift in Sources */,
				BEC574442254B714001793EC /* UIViewController+Alert.swift in Sources */,
			);
			runOnlyForDeploymentPostprocessing = 0;
		};
		8F6A7A4F2240B584002E695A /* Sources */ = {
			isa = PBXSourcesBuildPhase;
			buildActionMask = 2147483647;
			files = (
				8F845CE922446F1E007A992D /* TransactionFrequencyTests.swift in Sources */,
				9F965F8B2253778E00AF6092 /* CoreLogicTests.swift in Sources */,
				9F7C6DE6224B66F5003E7702 /* TestUtils.swift in Sources */,
				8FD0EC8D225342A500FCCBFB /* CodableUIImageTests.swift in Sources */,
				8F3121DB224A3B9800A9A554 /* TransactionTimeTests.swift in Sources */,
				8F845CE722446EE1007A992D /* TransactionTests.swift in Sources */,
				8F8487E3224DA98A001F881C /* CodableCLLocationTests.swift in Sources */,
				BEF82C212264D77F007BC819 /* PredictionTests.swift in Sources */,
				BEF82C252264DBA7007BC819 /* PredictionGeneratorTests.swift in Sources */,
				8F6A7A582240B584002E695A /* baconTests.swift in Sources */,
				9F79E46E2246463F00BCDDE8 /* StorageManagerTests.swift in Sources */,
				9F71AEFB225B4117005F043A /* BudgetTests.swift in Sources */,
				8F894252225E5017007146AC /* TagManagerTests.swift in Sources */,
				8F8487DD224BC4C7001F881C /* ObserverTests.swift in Sources */,
			);
			runOnlyForDeploymentPostprocessing = 0;
		};
		8F6A7A5A2240B584002E695A /* Sources */ = {
			isa = PBXSourcesBuildPhase;
			buildActionMask = 2147483647;
			files = (
				8F6A7A632240B584002E695A /* baconUITests.swift in Sources */,
			);
			runOnlyForDeploymentPostprocessing = 0;
		};
/* End PBXSourcesBuildPhase section */

/* Begin PBXTargetDependency section */
		8F6A7A552240B584002E695A /* PBXTargetDependency */ = {
			isa = PBXTargetDependency;
			target = 8F6A7A3B2240B583002E695A /* bacon */;
			targetProxy = 8F6A7A542240B584002E695A /* PBXContainerItemProxy */;
		};
		8F6A7A602240B584002E695A /* PBXTargetDependency */ = {
			isa = PBXTargetDependency;
			target = 8F6A7A3B2240B583002E695A /* bacon */;
			targetProxy = 8F6A7A5F2240B584002E695A /* PBXContainerItemProxy */;
		};
/* End PBXTargetDependency section */

/* Begin PBXVariantGroup section */
		8F6A7A432240B583002E695A /* Main.storyboard */ = {
			isa = PBXVariantGroup;
			children = (
				8F6A7A442240B583002E695A /* Base */,
			);
			name = Main.storyboard;
			sourceTree = "<group>";
		};
		8F6A7A4B2240B584002E695A /* LaunchScreen.storyboard */ = {
			isa = PBXVariantGroup;
			children = (
				8F6A7A4C2240B584002E695A /* Base */,
			);
			name = LaunchScreen.storyboard;
			sourceTree = "<group>";
		};
/* End PBXVariantGroup section */

/* Begin XCBuildConfiguration section */
		8F6A7A652240B584002E695A /* Debug */ = {
			isa = XCBuildConfiguration;
			buildSettings = {
				ALWAYS_SEARCH_USER_PATHS = NO;
				CLANG_ANALYZER_NONNULL = YES;
				CLANG_ANALYZER_NUMBER_OBJECT_CONVERSION = YES_AGGRESSIVE;
				CLANG_CXX_LANGUAGE_STANDARD = "gnu++14";
				CLANG_CXX_LIBRARY = "libc++";
				CLANG_ENABLE_MODULES = YES;
				CLANG_ENABLE_OBJC_ARC = YES;
				CLANG_ENABLE_OBJC_WEAK = YES;
				CLANG_WARN_BLOCK_CAPTURE_AUTORELEASING = YES;
				CLANG_WARN_BOOL_CONVERSION = YES;
				CLANG_WARN_COMMA = YES;
				CLANG_WARN_CONSTANT_CONVERSION = YES;
				CLANG_WARN_DEPRECATED_OBJC_IMPLEMENTATIONS = YES;
				CLANG_WARN_DIRECT_OBJC_ISA_USAGE = YES_ERROR;
				CLANG_WARN_DOCUMENTATION_COMMENTS = YES;
				CLANG_WARN_EMPTY_BODY = YES;
				CLANG_WARN_ENUM_CONVERSION = YES;
				CLANG_WARN_INFINITE_RECURSION = YES;
				CLANG_WARN_INT_CONVERSION = YES;
				CLANG_WARN_NON_LITERAL_NULL_CONVERSION = YES;
				CLANG_WARN_OBJC_IMPLICIT_RETAIN_SELF = YES;
				CLANG_WARN_OBJC_LITERAL_CONVERSION = YES;
				CLANG_WARN_OBJC_ROOT_CLASS = YES_ERROR;
				CLANG_WARN_RANGE_LOOP_ANALYSIS = YES;
				CLANG_WARN_STRICT_PROTOTYPES = YES;
				CLANG_WARN_SUSPICIOUS_MOVE = YES;
				CLANG_WARN_UNGUARDED_AVAILABILITY = YES_AGGRESSIVE;
				CLANG_WARN_UNREACHABLE_CODE = YES;
				CLANG_WARN__DUPLICATE_METHOD_MATCH = YES;
				CODE_SIGN_IDENTITY = "iPhone Developer";
				COPY_PHASE_STRIP = NO;
				DEBUG_INFORMATION_FORMAT = dwarf;
				ENABLE_STRICT_OBJC_MSGSEND = YES;
				ENABLE_TESTABILITY = YES;
				GCC_C_LANGUAGE_STANDARD = gnu11;
				GCC_DYNAMIC_NO_PIC = NO;
				GCC_NO_COMMON_BLOCKS = YES;
				GCC_OPTIMIZATION_LEVEL = 0;
				GCC_PREPROCESSOR_DEFINITIONS = (
					"DEBUG=1",
					"$(inherited)",
				);
				GCC_WARN_64_TO_32_BIT_CONVERSION = YES;
				GCC_WARN_ABOUT_RETURN_TYPE = YES_ERROR;
				GCC_WARN_UNDECLARED_SELECTOR = YES;
				GCC_WARN_UNINITIALIZED_AUTOS = YES_AGGRESSIVE;
				GCC_WARN_UNUSED_FUNCTION = YES;
				GCC_WARN_UNUSED_VARIABLE = YES;
				IPHONEOS_DEPLOYMENT_TARGET = 12.1;
				MTL_ENABLE_DEBUG_INFO = INCLUDE_SOURCE;
				MTL_FAST_MATH = YES;
				ONLY_ACTIVE_ARCH = YES;
				SDKROOT = iphoneos;
				SWIFT_ACTIVE_COMPILATION_CONDITIONS = DEBUG;
				SWIFT_OPTIMIZATION_LEVEL = "-Onone";
			};
			name = Debug;
		};
		8F6A7A662240B584002E695A /* Release */ = {
			isa = XCBuildConfiguration;
			buildSettings = {
				ALWAYS_SEARCH_USER_PATHS = NO;
				CLANG_ANALYZER_NONNULL = YES;
				CLANG_ANALYZER_NUMBER_OBJECT_CONVERSION = YES_AGGRESSIVE;
				CLANG_CXX_LANGUAGE_STANDARD = "gnu++14";
				CLANG_CXX_LIBRARY = "libc++";
				CLANG_ENABLE_MODULES = YES;
				CLANG_ENABLE_OBJC_ARC = YES;
				CLANG_ENABLE_OBJC_WEAK = YES;
				CLANG_WARN_BLOCK_CAPTURE_AUTORELEASING = YES;
				CLANG_WARN_BOOL_CONVERSION = YES;
				CLANG_WARN_COMMA = YES;
				CLANG_WARN_CONSTANT_CONVERSION = YES;
				CLANG_WARN_DEPRECATED_OBJC_IMPLEMENTATIONS = YES;
				CLANG_WARN_DIRECT_OBJC_ISA_USAGE = YES_ERROR;
				CLANG_WARN_DOCUMENTATION_COMMENTS = YES;
				CLANG_WARN_EMPTY_BODY = YES;
				CLANG_WARN_ENUM_CONVERSION = YES;
				CLANG_WARN_INFINITE_RECURSION = YES;
				CLANG_WARN_INT_CONVERSION = YES;
				CLANG_WARN_NON_LITERAL_NULL_CONVERSION = YES;
				CLANG_WARN_OBJC_IMPLICIT_RETAIN_SELF = YES;
				CLANG_WARN_OBJC_LITERAL_CONVERSION = YES;
				CLANG_WARN_OBJC_ROOT_CLASS = YES_ERROR;
				CLANG_WARN_RANGE_LOOP_ANALYSIS = YES;
				CLANG_WARN_STRICT_PROTOTYPES = YES;
				CLANG_WARN_SUSPICIOUS_MOVE = YES;
				CLANG_WARN_UNGUARDED_AVAILABILITY = YES_AGGRESSIVE;
				CLANG_WARN_UNREACHABLE_CODE = YES;
				CLANG_WARN__DUPLICATE_METHOD_MATCH = YES;
				CODE_SIGN_IDENTITY = "iPhone Developer";
				COPY_PHASE_STRIP = NO;
				DEBUG_INFORMATION_FORMAT = "dwarf-with-dsym";
				ENABLE_NS_ASSERTIONS = NO;
				ENABLE_STRICT_OBJC_MSGSEND = YES;
				GCC_C_LANGUAGE_STANDARD = gnu11;
				GCC_NO_COMMON_BLOCKS = YES;
				GCC_WARN_64_TO_32_BIT_CONVERSION = YES;
				GCC_WARN_ABOUT_RETURN_TYPE = YES_ERROR;
				GCC_WARN_UNDECLARED_SELECTOR = YES;
				GCC_WARN_UNINITIALIZED_AUTOS = YES_AGGRESSIVE;
				GCC_WARN_UNUSED_FUNCTION = YES;
				GCC_WARN_UNUSED_VARIABLE = YES;
				IPHONEOS_DEPLOYMENT_TARGET = 12.1;
				MTL_ENABLE_DEBUG_INFO = NO;
				MTL_FAST_MATH = YES;
				SDKROOT = iphoneos;
				SWIFT_COMPILATION_MODE = wholemodule;
				SWIFT_OPTIMIZATION_LEVEL = "-O";
				VALIDATE_PRODUCT = YES;
			};
			name = Release;
		};
		8F6A7A682240B585002E695A /* Debug */ = {
			isa = XCBuildConfiguration;
			baseConfigurationReference = 6542309D6C94355D2328ACB3 /* Pods-bacon.debug.xcconfig */;
			buildSettings = {
				ASSETCATALOG_COMPILER_APPICON_NAME = AppIcon;
				CODE_SIGN_STYLE = Automatic;
				DEVELOPMENT_TEAM = W76H98A34A;
				INFOPLIST_FILE = bacon/Info.plist;
				LD_RUNPATH_SEARCH_PATHS = (
					"$(inherited)",
					"@executable_path/Frameworks",
				);
				PRODUCT_BUNDLE_IDENTIFIER = nus.CS3217.bacon;
				PRODUCT_NAME = "$(TARGET_NAME)";
				SWIFT_VERSION = 4.2;
				TARGETED_DEVICE_FAMILY = "1,2";
			};
			name = Debug;
		};
		8F6A7A692240B585002E695A /* Release */ = {
			isa = XCBuildConfiguration;
			baseConfigurationReference = F38C0C0022ADF9C5F622445F /* Pods-bacon.release.xcconfig */;
			buildSettings = {
				ASSETCATALOG_COMPILER_APPICON_NAME = AppIcon;
				CODE_SIGN_STYLE = Automatic;
				DEVELOPMENT_TEAM = W76H98A34A;
				INFOPLIST_FILE = bacon/Info.plist;
				LD_RUNPATH_SEARCH_PATHS = (
					"$(inherited)",
					"@executable_path/Frameworks",
				);
				PRODUCT_BUNDLE_IDENTIFIER = nus.CS3217.bacon;
				PRODUCT_NAME = "$(TARGET_NAME)";
				SWIFT_VERSION = 4.2;
				TARGETED_DEVICE_FAMILY = "1,2";
			};
			name = Release;
		};
		8F6A7A6B2240B585002E695A /* Debug */ = {
			isa = XCBuildConfiguration;
			baseConfigurationReference = 9620A3D3E871F6AA3491DCDF /* Pods-baconTests.debug.xcconfig */;
			buildSettings = {
				ALWAYS_EMBED_SWIFT_STANDARD_LIBRARIES = YES;
				BUNDLE_LOADER = "$(TEST_HOST)";
				CODE_SIGN_STYLE = Automatic;
				DEVELOPMENT_TEAM = W76H98A34A;
				INFOPLIST_FILE = baconTests/Info.plist;
				LD_RUNPATH_SEARCH_PATHS = (
					"$(inherited)",
					"@executable_path/Frameworks",
					"@loader_path/Frameworks",
				);
				PRODUCT_BUNDLE_IDENTIFIER = nus.CS3217.baconTests;
				PRODUCT_NAME = "$(TARGET_NAME)";
				SWIFT_VERSION = 4.2;
				TARGETED_DEVICE_FAMILY = "1,2";
				TEST_HOST = "$(BUILT_PRODUCTS_DIR)/bacon.app/bacon";
			};
			name = Debug;
		};
		8F6A7A6C2240B585002E695A /* Release */ = {
			isa = XCBuildConfiguration;
			baseConfigurationReference = CA24B1D1138A1F0774F42251 /* Pods-baconTests.release.xcconfig */;
			buildSettings = {
				ALWAYS_EMBED_SWIFT_STANDARD_LIBRARIES = YES;
				BUNDLE_LOADER = "$(TEST_HOST)";
				CODE_SIGN_STYLE = Automatic;
				DEVELOPMENT_TEAM = W76H98A34A;
				INFOPLIST_FILE = baconTests/Info.plist;
				LD_RUNPATH_SEARCH_PATHS = (
					"$(inherited)",
					"@executable_path/Frameworks",
					"@loader_path/Frameworks",
				);
				PRODUCT_BUNDLE_IDENTIFIER = nus.CS3217.baconTests;
				PRODUCT_NAME = "$(TARGET_NAME)";
				SWIFT_VERSION = 4.2;
				TARGETED_DEVICE_FAMILY = "1,2";
				TEST_HOST = "$(BUILT_PRODUCTS_DIR)/bacon.app/bacon";
			};
			name = Release;
		};
		8F6A7A6E2240B585002E695A /* Debug */ = {
			isa = XCBuildConfiguration;
			baseConfigurationReference = 8FBEDD8B3903E2EC8591BBD1 /* Pods-baconUITests.debug.xcconfig */;
			buildSettings = {
				ALWAYS_EMBED_SWIFT_STANDARD_LIBRARIES = YES;
				CODE_SIGN_STYLE = Automatic;
				DEVELOPMENT_TEAM = W76H98A34A;
				INFOPLIST_FILE = baconUITests/Info.plist;
				LD_RUNPATH_SEARCH_PATHS = (
					"$(inherited)",
					"@executable_path/Frameworks",
					"@loader_path/Frameworks",
				);
				PRODUCT_BUNDLE_IDENTIFIER = nus.CS3217.baconUITests;
				PRODUCT_NAME = "$(TARGET_NAME)";
				SWIFT_VERSION = 4.2;
				TARGETED_DEVICE_FAMILY = "1,2";
				TEST_TARGET_NAME = bacon;
			};
			name = Debug;
		};
		8F6A7A6F2240B585002E695A /* Release */ = {
			isa = XCBuildConfiguration;
			baseConfigurationReference = DD379625D2CF2952EA2B2E6A /* Pods-baconUITests.release.xcconfig */;
			buildSettings = {
				ALWAYS_EMBED_SWIFT_STANDARD_LIBRARIES = YES;
				CODE_SIGN_STYLE = Automatic;
				DEVELOPMENT_TEAM = W76H98A34A;
				INFOPLIST_FILE = baconUITests/Info.plist;
				LD_RUNPATH_SEARCH_PATHS = (
					"$(inherited)",
					"@executable_path/Frameworks",
					"@loader_path/Frameworks",
				);
				PRODUCT_BUNDLE_IDENTIFIER = nus.CS3217.baconUITests;
				PRODUCT_NAME = "$(TARGET_NAME)";
				SWIFT_VERSION = 4.2;
				TARGETED_DEVICE_FAMILY = "1,2";
				TEST_TARGET_NAME = bacon;
			};
			name = Release;
		};
/* End XCBuildConfiguration section */

/* Begin XCConfigurationList section */
		8F6A7A372240B583002E695A /* Build configuration list for PBXProject "bacon" */ = {
			isa = XCConfigurationList;
			buildConfigurations = (
				8F6A7A652240B584002E695A /* Debug */,
				8F6A7A662240B584002E695A /* Release */,
			);
			defaultConfigurationIsVisible = 0;
			defaultConfigurationName = Release;
		};
		8F6A7A672240B585002E695A /* Build configuration list for PBXNativeTarget "bacon" */ = {
			isa = XCConfigurationList;
			buildConfigurations = (
				8F6A7A682240B585002E695A /* Debug */,
				8F6A7A692240B585002E695A /* Release */,
			);
			defaultConfigurationIsVisible = 0;
			defaultConfigurationName = Release;
		};
		8F6A7A6A2240B585002E695A /* Build configuration list for PBXNativeTarget "baconTests" */ = {
			isa = XCConfigurationList;
			buildConfigurations = (
				8F6A7A6B2240B585002E695A /* Debug */,
				8F6A7A6C2240B585002E695A /* Release */,
			);
			defaultConfigurationIsVisible = 0;
			defaultConfigurationName = Release;
		};
		8F6A7A6D2240B585002E695A /* Build configuration list for PBXNativeTarget "baconUITests" */ = {
			isa = XCConfigurationList;
			buildConfigurations = (
				8F6A7A6E2240B585002E695A /* Debug */,
				8F6A7A6F2240B585002E695A /* Release */,
			);
			defaultConfigurationIsVisible = 0;
			defaultConfigurationName = Release;
		};
/* End XCConfigurationList section */

/* Begin XCVersionGroup section */
		8F6A7A462240B583002E695A /* bacon.xcdatamodeld */ = {
			isa = XCVersionGroup;
			children = (
				8F6A7A472240B583002E695A /* bacon.xcdatamodel */,
			);
			currentVersion = 8F6A7A472240B583002E695A /* bacon.xcdatamodel */;
			path = bacon.xcdatamodeld;
			sourceTree = "<group>";
			versionGroupType = wrapper.xcdatamodel;
		};
/* End XCVersionGroup section */
	};
	rootObject = 8F6A7A342240B583002E695A /* Project object */;
}
